{
    "_readme": [
        "This file locks the dependencies of your project to a known state",
        "Read more about it at https://getcomposer.org/doc/01-basic-usage.md#installing-dependencies",
        "This file is @generated automatically"
    ],
    "content-hash": "f35cfb1f5aa2f404385c80aa0a767b95",
    "packages": [
        {
            "name": "nahid/jsonq",
            "version": "v5.2.3",
            "source": {
                "type": "git",
                "url": "https://github.com/nahid/jsonq.git",
                "reference": "b225c52587f08774df06eb66fd7e646241a88b4c"
            },
            "dist": {
                "type": "zip",
                "url": "https://api.github.com/repos/nahid/jsonq/zipball/b225c52587f08774df06eb66fd7e646241a88b4c",
                "reference": "b225c52587f08774df06eb66fd7e646241a88b4c",
                "shasum": ""
            },
            "require": {
                "php": ">=5.5.0"
            },
            "require-dev": {
                "graham-campbell/testbench": "^3.1",
                "phpunit/phpunit": "^4.8 || ^5.0",
                "symfony/var-dumper": "^3.4"
            },
            "type": "library",
            "autoload": {
                "psr-4": {
                    "Nahid\\JsonQ\\": "src/"
                }
            },
            "notification-url": "https://packagist.org/downloads/",
            "license": [
                "CC0-1.0"
            ],
            "authors": [
                {
                    "name": "Nahid Bin Azhar",
                    "email": "nahid.dns@gmail.com"
                }
            ],
            "description": "JsonQ is a PHP based json data query library",
            "homepage": "https://github.com/nahid/jsonq",
            "keywords": [
                "json",
                "jsonq",
                "query"
            ],
            "time": "2018-10-11T09:37:07+00:00"
        },
        {
            "name": "psr/simple-cache",
            "version": "1.0.1",
            "source": {
                "type": "git",
                "url": "https://github.com/php-fig/simple-cache.git",
                "reference": "408d5eafb83c57f6365a3ca330ff23aa4a5fa39b"
            },
            "dist": {
                "type": "zip",
                "url": "https://api.github.com/repos/php-fig/simple-cache/zipball/408d5eafb83c57f6365a3ca330ff23aa4a5fa39b",
                "reference": "408d5eafb83c57f6365a3ca330ff23aa4a5fa39b",
                "shasum": ""
            },
            "require": {
                "php": ">=5.3.0"
            },
            "type": "library",
            "extra": {
                "branch-alias": {
                    "dev-master": "1.0.x-dev"
                }
            },
            "autoload": {
                "psr-4": {
                    "Psr\\SimpleCache\\": "src/"
                }
            },
            "notification-url": "https://packagist.org/downloads/",
            "license": [
                "MIT"
            ],
            "authors": [
                {
                    "name": "PHP-FIG",
                    "homepage": "http://www.php-fig.org/"
                }
            ],
            "description": "Common interfaces for simple caching",
            "keywords": [
                "cache",
                "caching",
                "psr",
                "psr-16",
                "simple-cache"
            ],
            "time": "2017-10-23T01:57:42+00:00"
        }
    ],
    "packages-dev": [],
    "aliases": [],
    "minimum-stability": "stable",
    "stability-flags": [],
    "prefer-stable": false,
    "prefer-lowest": false,
    "platform": {
        "ext-json": "*"
    },
    "platform-dev": []
}
